lockfileVersion: '9.0'

settings:
  autoInstallPeers: true
  excludeLinksFromLockfile: false

importers:

  .:
    dependencies:
      '@vanduo-oss/charts':
        specifier: 0.0.1
        version: 0.0.1
      '@vanduo-oss/flowchart':
        specifier: 0.0.1
        version: 0.0.1
      '@vanduo-oss/hex-grid':
        specifier: 1.0.0
        version: 1.0.0
      '@vanduo-oss/music-player':
        specifier: 1.0.0
        version: 1.0.0
    devDependencies:
      '@playwright/test':
        specifier: ^1.60.0
        version: 1.60.0

packages:

  '@playwright/test@1.60.0':
    resolution: {integrity: sha512-O71yZIbAh/PxDMNGns37GHBIfrVkEVyn+AXyIa5dOTfb4/xNvRWV+Vv/NMbNCtODB/pO7vLlF2OTmMVLhmr7Ag==}
    engines: {node: '>=18'}
    hasBin: true

  '@vanduo-oss/charts@0.0.1':
    resolution: {integrity: sha512-869ECeB1uY3gRR8XFz+FzTR8uzLbGQWA+8smB1zTca/oaDajD1Yr56T51dRMEw59WB3gXCfpm+gnzH6feRBw2A==}
    engines: {node: '>=18.0.0', pnpm: '>=8.0.0'}

  '@vanduo-oss/flowchart@0.0.1':
    resolution: {integrity: sha512-0u1dHj/VJSWv30tSDSmqDOgRto0Tlk3Oxiu59TAoXaoARmPndWPwNiOd07Jay3Z+IH52BNvfSXqbUV/zUtepyA==}
    engines: {node: '>=18.0.0', pnpm: '>=8.0.0'}

  '@vanduo-oss/hex-grid@1.0.0':
    resolution: {integrity: sha512-SZPZMe2/kLOWwEEa7Q+NYtT8d2lK7D+5nLlXJqhMW6t6/ucvue33ou/HUNHRqf3oxG/C7yGG2XF9cf5dva0qNw==}
    engines: {node: '>=18.0.0', pnpm: '>=8.0.0'}

  '@vanduo-oss/music-player@1.0.0':
    resolution: {integrity: sha512-bQqRunm6G/kp8N+R+WVTQFfubDvWDSvP1KOQmg/kQN9KgHpmyhXJMElJKC1V3tA3UQPnvuhimFWQ2o5FtRJOeA==}
    engines: {node: '>=18.0.0', pnpm: '>=8.0.0'}

  fsevents@2.3.2:
    resolution: {integrity: sha512-xiqMQR4xAeHTuB9uWm+fFRcIOgKBMiOBP+eXiyT7jsgVCq1bkVygt00oASowB7EdtpOHaaPgKt812P9ab+DDKA==}
    engines: {node: ^8.16.0 || ^10.6.0 || >=11.0.0}
    os: [darwin]

  playwright-core@1.60.0:
    resolution: {integrity: sha512-9bW6zvX/m0lEbgTKJ6YppOKx8H3VOPBMOCFh2irXFOT4BbHgrx5hPjwJYLT40Lu+4qtD36qKc/Hn56StUW57IA==}
    engines: {node: '>=18'}
    hasBin: true

  playwright@1.60.0:
    resolution: {integrity: sha512-hheHdokM8cdqCb0lcE3s+zT4t4W+vvjpGxsZlDnikarzx8tSzMebh3UiFtgqwFwnTnjYQcsyMF8ei2mCO/tpeA==}
    engines: {node: '>=18'}
    hasBin: true

snapshots:

  '@playwright/test@1.60.0':
    dependencies:
      playwright: 1.60.0

  '@vanduo-oss/charts@0.0.1': {}

  '@vanduo-oss/flowchart@0.0.1': {}

  '@vanduo-oss/hex-grid@1.0.0': {}

  '@vanduo-oss/music-player@1.0.0': {}

  fsevents@2.3.2:
    optional: true

  playwright-core@1.60.0: {}

  playwright@1.60.0:
    dependencies:
      playwright-core: 1.60.0
    optionalDependencies:
      fsevents: 2.3.2
